# This file was autogenerated by Stack.
# You should not edit this file by hand.
# For more information, please see the documentation at:
#   https://docs.haskellstack.org/en/stable/lock_files

packages:
- completed:
    name: hakyll
    version: 4.13.3.0
    git: https://github.com/jaspervdj/hakyll
    pantry-tree:
      size: 11758
      sha256: 6915a168e19896da2beaf60f223a97d87feae545a4ffd1b16ef7077d76595ead
    commit: 9656e78869dd8248a8558671a48d2e52dbe7edb5
  original:
    git: https://github.com/jaspervdj/hakyll
    commit: 9656e78869dd8248a8558671a48d2e52dbe7edb5
snapshots:
- completed:
    size: 530800
    url: https://raw.githubusercontent.com/commercialhaskell/stackage-snapshots/master/nightly/2020/5/26.yaml
    sha256: e7da8b79e7e8cedd90c4774e23c26b6bfc60dea637c5db45b8c9f187e5648e9b
  original: nightly-2020-05-26
