# This file was autogenerated by Stack.
# You should not edit this file by hand.
# For more information, please see the documentation at:
#   https://docs.haskellstack.org/en/stable/lock_files

packages:
- completed:
    name: hakyll
    version: 4.13.3.0
    git: https://github.com/jaspervdj/hakyll
    pantry-tree:
      size: 11758
      sha256: 9b20f836674fab0efd863bd21f68c8ecd5c283f3513cdadf92c750a7b8221616
    commit: 8afbb62ed5e969d78d8664df205646504f52f278
  original:
    git: https://github.com/jaspervdj/hakyll
    commit: 8afbb62ed5e969d78d8664df205646504f52f278
snapshots:
- completed:
    size: 530800
    url: https://raw.githubusercontent.com/commercialhaskell/stackage-snapshots/master/nightly/2020/5/26.yaml
    sha256: e7da8b79e7e8cedd90c4774e23c26b6bfc60dea637c5db45b8c9f187e5648e9b
  original: nightly-2020-05-26
