# This file was autogenerated by Stack.
# You should not edit this file by hand.
# For more information, please see the documentation at:
#   https://docs.haskellstack.org/en/stable/lock_files

packages: []
snapshots:
- completed:
    size: 530800
    url: https://raw.githubusercontent.com/commercialhaskell/stackage-snapshots/master/nightly/2020/5/26.yaml
    sha256: e7da8b79e7e8cedd90c4774e23c26b6bfc60dea637c5db45b8c9f187e5648e9b
  original: nightly-2020-05-26
